
Microsoft Visual Studio Solution File, Format Version 12.00
# Visual Studio Version 16
VisualStudioVersion = 16.0.29318.209
MinimumVisualStudioVersion = 10.0.40219.1
Project("{8BC9CEB8-8B4A-11D0-8D11-00A0C91BC942}") = "HelloWorld", "HelloWorld\HelloWorld.vcxproj", "{C6463BB2-DCB8-445F-8EA4-B542F6A0A53A}"
EndProject
Project("{8BC9CEB8-8B4A-11D0-8D11-00A0C91BC942}") = "Diamond", "Diamond\Diamond.vcxproj", "{AB7B93E0-9DD4-4C27-AAF5-E55D99701CCA}"
EndProject
Project("{8BC9CEB8-8B4A-11D0-8D11-00A0C91BC942}") = "Exercise2", "Exercise2\Exercise2.vcxproj", "{7BF94685-D329-4305-9614-E60B8FE32FF0}"
EndProject
Project("{8BC9CEB8-8B4A-11D0-8D11-00A0C91BC942}") = "Prob1Exc2", "Newark\Newark.vcxproj", "{0826C0DE-F5B5-40E4-B9E8-82D77A20CD10}"
EndProject
Project("{8BC9CEB8-8B4A-11D0-8D11-00A0C91BC942}") = "Prob2Exc2", "ReadingProgram\ReadingProgram.vcxproj", "{DA9ACDFC-A036-489F-B3AB-36233C230492}"
EndProject
Project("{8BC9CEB8-8B4A-11D0-8D11-00A0C91BC942}") = "Prob3Exc2", "C++_Main\C++_Main.vcxproj", "{BE14E556-6D11-40B1-AC68-75714F34CAC6}"
EndProject
Project("{8BC9CEB8-8B4A-11D0-8D11-00A0C91BC942}") = "DataTypes", "DataTypes\DataTypes.vcxproj", "{15B8FCDD-44BB-4DD9-84E4-C9BEEDC40EFB}"
EndProject
Project("{8BC9CEB8-8B4A-11D0-8D11-00A0C91BC942}") = "Average", "Average\Average.vcxproj", "{A8273BCE-9C40-44BC-B84A-84CC8217CB1F}"
EndProject
Project("{8BC9CEB8-8B4A-11D0-8D11-00A0C91BC942}") = "Operations", "Operations\Operations.vcxproj", "{3DE52C69-4305-4361-852D-BA01AF9DB5B5}"
EndProject
Project("{8BC9CEB8-8B4A-11D0-8D11-00A0C91BC942}") = "Temperature", "Temperature\Temperature.vcxproj", "{6550ACDC-015C-4FAB-B89C-E26355ED96C1}"
EndProject
Project("{8BC9CEB8-8B4A-11D0-8D11-00A0C91BC942}") = "StandardFunctions", "StandardFunctions\StandardFunctions.vcxproj", "{4C6C307F-FFE7-45A3-9568-60D90CC202A5}"
EndProject
Project("{8BC9CEB8-8B4A-11D0-8D11-00A0C91BC942}") = "Inputs", "Inputs\Inputs.vcxproj", "{63E9B0A7-4E07-46F5-B55F-1C0560E5BDB4}"
EndProject
Project("{8BC9CEB8-8B4A-11D0-8D11-00A0C91BC942}") = "Circle", "Circle\Circle.vcxproj", "{9D6591C5-FCF7-4173-B7DD-A5D8B4B969AD}"
EndProject
Project("{8BC9CEB8-8B4A-11D0-8D11-00A0C91BC942}") = "Problem2", "Problem2\Problem2.vcxproj", "{1E0E8379-E560-4B79-8044-C3822BFDB66C}"
EndProject
Project("{8BC9CEB8-8B4A-11D0-8D11-00A0C91BC942}") = "Selection", "Selection\Selection.vcxproj", "{9991E30B-D02D-41CC-AE1B-F2CE4F1D813C}"
EndProject
Project("{8BC9CEB8-8B4A-11D0-8D11-00A0C91BC942}") = "Problem1_If_Else", "Problem1_If_Else\Problem1_If_Else.vcxproj", "{0CED047D-FB78-4795-89A0-29BC1FF5EC72}"
EndProject
Global
	GlobalSection(SolutionConfigurationPlatforms) = preSolution
		Debug|x64 = Debug|x64
		Debug|x86 = Debug|x86
		Release|x64 = Release|x64
		Release|x86 = Release|x86
	EndGlobalSection
	GlobalSection(ProjectConfigurationPlatforms) = postSolution
		{C6463BB2-DCB8-445F-8EA4-B542F6A0A53A}.Debug|x64.ActiveCfg = Debug|x64
		{C6463BB2-DCB8-445F-8EA4-B542F6A0A53A}.Debug|x64.Build.0 = Debug|x64
		{C6463BB2-DCB8-445F-8EA4-B542F6A0A53A}.Debug|x86.ActiveCfg = Debug|Win32
		{C6463BB2-DCB8-445F-8EA4-B542F6A0A53A}.Debug|x86.Build.0 = Debug|Win32
		{C6463BB2-DCB8-445F-8EA4-B542F6A0A53A}.Release|x64.ActiveCfg = Release|x64
		{C6463BB2-DCB8-445F-8EA4-B542F6A0A53A}.Release|x64.Build.0 = Release|x64
		{C6463BB2-DCB8-445F-8EA4-B542F6A0A53A}.Release|x86.ActiveCfg = Release|Win32
		{C6463BB2-DCB8-445F-8EA4-B542F6A0A53A}.Release|x86.Build.0 = Release|Win32
		{AB7B93E0-9DD4-4C27-AAF5-E55D99701CCA}.Debug|x64.ActiveCfg = Debug|x64
		{AB7B93E0-9DD4-4C27-AAF5-E55D99701CCA}.Debug|x64.Build.0 = Debug|x64
		{AB7B93E0-9DD4-4C27-AAF5-E55D99701CCA}.Debug|x86.ActiveCfg = Debug|Win32
		{AB7B93E0-9DD4-4C27-AAF5-E55D99701CCA}.Debug|x86.Build.0 = Debug|Win32
		{AB7B93E0-9DD4-4C27-AAF5-E55D99701CCA}.Release|x64.ActiveCfg = Release|x64
		{AB7B93E0-9DD4-4C27-AAF5-E55D99701CCA}.Release|x64.Build.0 = Release|x64
		{AB7B93E0-9DD4-4C27-AAF5-E55D99701CCA}.Release|x86.ActiveCfg = Release|Win32
		{AB7B93E0-9DD4-4C27-AAF5-E55D99701CCA}.Release|x86.Build.0 = Release|Win32
		{7BF94685-D329-4305-9614-E60B8FE32FF0}.Debug|x64.ActiveCfg = Debug|x64
		{7BF94685-D329-4305-9614-E60B8FE32FF0}.Debug|x64.Build.0 = Debug|x64
		{7BF94685-D329-4305-9614-E60B8FE32FF0}.Debug|x86.ActiveCfg = Debug|Win32
		{7BF94685-D329-4305-9614-E60B8FE32FF0}.Debug|x86.Build.0 = Debug|Win32
		{7BF94685-D329-4305-9614-E60B8FE32FF0}.Release|x64.ActiveCfg = Release|x64
		{7BF94685-D329-4305-9614-E60B8FE32FF0}.Release|x64.Build.0 = Release|x64
		{7BF94685-D329-4305-9614-E60B8FE32FF0}.Release|x86.ActiveCfg = Release|Win32
		{7BF94685-D329-4305-9614-E60B8FE32FF0}.Release|x86.Build.0 = Release|Win32
		{0826C0DE-F5B5-40E4-B9E8-82D77A20CD10}.Debug|x64.ActiveCfg = Debug|x64
		{0826C0DE-F5B5-40E4-B9E8-82D77A20CD10}.Debug|x64.Build.0 = Debug|x64
		{0826C0DE-F5B5-40E4-B9E8-82D77A20CD10}.Debug|x86.ActiveCfg = Debug|Win32
		{0826C0DE-F5B5-40E4-B9E8-82D77A20CD10}.Debug|x86.Build.0 = Debug|Win32
		{0826C0DE-F5B5-40E4-B9E8-82D77A20CD10}.Release|x64.ActiveCfg = Release|x64
		{0826C0DE-F5B5-40E4-B9E8-82D77A20CD10}.Release|x64.Build.0 = Release|x64
		{0826C0DE-F5B5-40E4-B9E8-82D77A20CD10}.Release|x86.ActiveCfg = Release|Win32
		{0826C0DE-F5B5-40E4-B9E8-82D77A20CD10}.Release|x86.Build.0 = Release|Win32
		{DA9ACDFC-A036-489F-B3AB-36233C230492}.Debug|x64.ActiveCfg = Debug|x64
		{DA9ACDFC-A036-489F-B3AB-36233C230492}.Debug|x64.Build.0 = Debug|x64
		{DA9ACDFC-A036-489F-B3AB-36233C230492}.Debug|x86.ActiveCfg = Debug|Win32
		{DA9ACDFC-A036-489F-B3AB-36233C230492}.Debug|x86.Build.0 = Debug|Win32
		{DA9ACDFC-A036-489F-B3AB-36233C230492}.Release|x64.ActiveCfg = Release|x64
		{DA9ACDFC-A036-489F-B3AB-36233C230492}.Release|x64.Build.0 = Release|x64
		{DA9ACDFC-A036-489F-B3AB-36233C230492}.Release|x86.ActiveCfg = Release|Win32
		{DA9ACDFC-A036-489F-B3AB-36233C230492}.Release|x86.Build.0 = Release|Win32
		{BE14E556-6D11-40B1-AC68-75714F34CAC6}.Debug|x64.ActiveCfg = Debug|x64
		{BE14E556-6D11-40B1-AC68-75714F34CAC6}.Debug|x64.Build.0 = Debug|x64
		{BE14E556-6D11-40B1-AC68-75714F34CAC6}.Debug|x86.ActiveCfg = Debug|Win32
		{BE14E556-6D11-40B1-AC68-75714F34CAC6}.Debug|x86.Build.0 = Debug|Win32
		{BE14E556-6D11-40B1-AC68-75714F34CAC6}.Release|x64.ActiveCfg = Release|x64
		{BE14E556-6D11-40B1-AC68-75714F34CAC6}.Release|x64.Build.0 = Release|x64
		{BE14E556-6D11-40B1-AC68-75714F34CAC6}.Release|x86.ActiveCfg = Release|Win32
		{BE14E556-6D11-40B1-AC68-75714F34CAC6}.Release|x86.Build.0 = Release|Win32
		{15B8FCDD-44BB-4DD9-84E4-C9BEEDC40EFB}.Debug|x64.ActiveCfg = Debug|x64
		{15B8FCDD-44BB-4DD9-84E4-C9BEEDC40EFB}.Debug|x64.Build.0 = Debug|x64
		{15B8FCDD-44BB-4DD9-84E4-C9BEEDC40EFB}.Debug|x86.ActiveCfg = Debug|Win32
		{15B8FCDD-44BB-4DD9-84E4-C9BEEDC40EFB}.Debug|x86.Build.0 = Debug|Win32
		{15B8FCDD-44BB-4DD9-84E4-C9BEEDC40EFB}.Release|x64.ActiveCfg = Release|x64
		{15B8FCDD-44BB-4DD9-84E4-C9BEEDC40EFB}.Release|x64.Build.0 = Release|x64
		{15B8FCDD-44BB-4DD9-84E4-C9BEEDC40EFB}.Release|x86.ActiveCfg = Release|Win32
		{15B8FCDD-44BB-4DD9-84E4-C9BEEDC40EFB}.Release|x86.Build.0 = Release|Win32
		{A8273BCE-9C40-44BC-B84A-84CC8217CB1F}.Debug|x64.ActiveCfg = Debug|x64
		{A8273BCE-9C40-44BC-B84A-84CC8217CB1F}.Debug|x64.Build.0 = Debug|x64
		{A8273BCE-9C40-44BC-B84A-84CC8217CB1F}.Debug|x86.ActiveCfg = Debug|Win32
		{A8273BCE-9C40-44BC-B84A-84CC8217CB1F}.Debug|x86.Build.0 = Debug|Win32
		{A8273BCE-9C40-44BC-B84A-84CC8217CB1F}.Release|x64.ActiveCfg = Release|x64
		{A8273BCE-9C40-44BC-B84A-84CC8217CB1F}.Release|x64.Build.0 = Release|x64
		{A8273BCE-9C40-44BC-B84A-84CC8217CB1F}.Release|x86.ActiveCfg = Release|Win32
		{A8273BCE-9C40-44BC-B84A-84CC8217CB1F}.Release|x86.Build.0 = Release|Win32
		{3DE52C69-4305-4361-852D-BA01AF9DB5B5}.Debug|x64.ActiveCfg = Debug|x64
		{3DE52C69-4305-4361-852D-BA01AF9DB5B5}.Debug|x64.Build.0 = Debug|x64
		{3DE52C69-4305-4361-852D-BA01AF9DB5B5}.Debug|x86.ActiveCfg = Debug|Win32
		{3DE52C69-4305-4361-852D-BA01AF9DB5B5}.Debug|x86.Build.0 = Debug|Win32
		{3DE52C69-4305-4361-852D-BA01AF9DB5B5}.Release|x64.ActiveCfg = Release|x64
		{3DE52C69-4305-4361-852D-BA01AF9DB5B5}.Release|x64.Build.0 = Release|x64
		{3DE52C69-4305-4361-852D-BA01AF9DB5B5}.Release|x86.ActiveCfg = Release|Win32
		{3DE52C69-4305-4361-852D-BA01AF9DB5B5}.Release|x86.Build.0 = Release|Win32
		{6550ACDC-015C-4FAB-B89C-E26355ED96C1}.Debug|x64.ActiveCfg = Debug|x64
		{6550ACDC-015C-4FAB-B89C-E26355ED96C1}.Debug|x64.Build.0 = Debug|x64
		{6550ACDC-015C-4FAB-B89C-E26355ED96C1}.Debug|x86.ActiveCfg = Debug|Win32
		{6550ACDC-015C-4FAB-B89C-E26355ED96C1}.Debug|x86.Build.0 = Debug|Win32
		{6550ACDC-015C-4FAB-B89C-E26355ED96C1}.Release|x64.ActiveCfg = Release|x64
		{6550ACDC-015C-4FAB-B89C-E26355ED96C1}.Release|x64.Build.0 = Release|x64
		{6550ACDC-015C-4FAB-B89C-E26355ED96C1}.Release|x86.ActiveCfg = Release|Win32
		{6550ACDC-015C-4FAB-B89C-E26355ED96C1}.Release|x86.Build.0 = Release|Win32
		{4C6C307F-FFE7-45A3-9568-60D90CC202A5}.Debug|x64.ActiveCfg = Debug|x64
		{4C6C307F-FFE7-45A3-9568-60D90CC202A5}.Debug|x64.Build.0 = Debug|x64
		{4C6C307F-FFE7-45A3-9568-60D90CC202A5}.Debug|x86.ActiveCfg = Debug|Win32
		{4C6C307F-FFE7-45A3-9568-60D90CC202A5}.Debug|x86.Build.0 = Debug|Win32
		{4C6C307F-FFE7-45A3-9568-60D90CC202A5}.Release|x64.ActiveCfg = Release|x64
		{4C6C307F-FFE7-45A3-9568-60D90CC202A5}.Release|x64.Build.0 = Release|x64
		{4C6C307F-FFE7-45A3-9568-60D90CC202A5}.Release|x86.ActiveCfg = Release|Win32
		{4C6C307F-FFE7-45A3-9568-60D90CC202A5}.Release|x86.Build.0 = Release|Win32
		{63E9B0A7-4E07-46F5-B55F-1C0560E5BDB4}.Debug|x64.ActiveCfg = Debug|x64
		{63E9B0A7-4E07-46F5-B55F-1C0560E5BDB4}.Debug|x64.Build.0 = Debug|x64
		{63E9B0A7-4E07-46F5-B55F-1C0560E5BDB4}.Debug|x86.ActiveCfg = Debug|Win32
		{63E9B0A7-4E07-46F5-B55F-1C0560E5BDB4}.Debug|x86.Build.0 = Debug|Win32
		{63E9B0A7-4E07-46F5-B55F-1C0560E5BDB4}.Release|x64.ActiveCfg = Release|x64
		{63E9B0A7-4E07-46F5-B55F-1C0560E5BDB4}.Release|x64.Build.0 = Release|x64
		{63E9B0A7-4E07-46F5-B55F-1C0560E5BDB4}.Release|x86.ActiveCfg = Release|Win32
		{63E9B0A7-4E07-46F5-B55F-1C0560E5BDB4}.Release|x86.Build.0 = Release|Win32
		{9D6591C5-FCF7-4173-B7DD-A5D8B4B969AD}.Debug|x64.ActiveCfg = Debug|x64
		{9D6591C5-FCF7-4173-B7DD-A5D8B4B969AD}.Debug|x64.Build.0 = Debug|x64
		{9D6591C5-FCF7-4173-B7DD-A5D8B4B969AD}.Debug|x86.ActiveCfg = Debug|Win32
		{9D6591C5-FCF7-4173-B7DD-A5D8B4B969AD}.Debug|x86.Build.0 = Debug|Win32
		{9D6591C5-FCF7-4173-B7DD-A5D8B4B969AD}.Release|x64.ActiveCfg = Release|x64
		{9D6591C5-FCF7-4173-B7DD-A5D8B4B969AD}.Release|x64.Build.0 = Release|x64
		{9D6591C5-FCF7-4173-B7DD-A5D8B4B969AD}.Release|x86.ActiveCfg = Release|Win32
		{9D6591C5-FCF7-4173-B7DD-A5D8B4B969AD}.Release|x86.Build.0 = Release|Win32
		{1E0E8379-E560-4B79-8044-C3822BFDB66C}.Debug|x64.ActiveCfg = Debug|x64
		{1E0E8379-E560-4B79-8044-C3822BFDB66C}.Debug|x64.Build.0 = Debug|x64
		{1E0E8379-E560-4B79-8044-C3822BFDB66C}.Debug|x86.ActiveCfg = Debug|Win32
		{1E0E8379-E560-4B79-8044-C3822BFDB66C}.Debug|x86.Build.0 = Debug|Win32
		{1E0E8379-E560-4B79-8044-C3822BFDB66C}.Release|x64.ActiveCfg = Release|x64
		{1E0E8379-E560-4B79-8044-C3822BFDB66C}.Release|x64.Build.0 = Release|x64
		{1E0E8379-E560-4B79-8044-C3822BFDB66C}.Release|x86.ActiveCfg = Release|Win32
		{1E0E8379-E560-4B79-8044-C3822BFDB66C}.Release|x86.Build.0 = Release|Win32
		{9991E30B-D02D-41CC-AE1B-F2CE4F1D813C}.Debug|x64.ActiveCfg = Debug|x64
		{9991E30B-D02D-41CC-AE1B-F2CE4F1D813C}.Debug|x64.Build.0 = Debug|x64
		{9991E30B-D02D-41CC-AE1B-F2CE4F1D813C}.Debug|x86.ActiveCfg = Debug|Win32
		{9991E30B-D02D-41CC-AE1B-F2CE4F1D813C}.Debug|x86.Build.0 = Debug|Win32
		{9991E30B-D02D-41CC-AE1B-F2CE4F1D813C}.Release|x64.ActiveCfg = Release|x64
		{9991E30B-D02D-41CC-AE1B-F2CE4F1D813C}.Release|x64.Build.0 = Release|x64
		{9991E30B-D02D-41CC-AE1B-F2CE4F1D813C}.Release|x86.ActiveCfg = Release|Win32
		{9991E30B-D02D-41CC-AE1B-F2CE4F1D813C}.Release|x86.Build.0 = Release|Win32
		{0CED047D-FB78-4795-89A0-29BC1FF5EC72}.Debug|x64.ActiveCfg = Debug|x64
		{0CED047D-FB78-4795-89A0-29BC1FF5EC72}.Debug|x64.Build.0 = Debug|x64
		{0CED047D-FB78-4795-89A0-29BC1FF5EC72}.Debug|x86.ActiveCfg = Debug|Win32
		{0CED047D-FB78-4795-89A0-29BC1FF5EC72}.Debug|x86.Build.0 = Debug|Win32
		{0CED047D-FB78-4795-89A0-29BC1FF5EC72}.Release|x64.ActiveCfg = Release|x64
		{0CED047D-FB78-4795-89A0-29BC1FF5EC72}.Release|x64.Build.0 = Release|x64
		{0CED047D-FB78-4795-89A0-29BC1FF5EC72}.Release|x86.ActiveCfg = Release|Win32
		{0CED047D-FB78-4795-89A0-29BC1FF5EC72}.Release|x86.Build.0 = Release|Win32
	EndGlobalSection
	GlobalSection(SolutionProperties) = preSolution
		HideSolutionNode = FALSE
	EndGlobalSection
	GlobalSection(ExtensibilityGlobals) = postSolution
		SolutionGuid = {388D2E81-04F3-4A46-88E2-4FE8E0434474}
	EndGlobalSection
EndGlobal
